<?xml version="1.0" encoding="utf-8"?>
<Project ToolsVersion="4.0" xmlns="http://schemas.microsoft.com/developer/msbuild/2003">
  <ItemGroup>
    <Filter Include="Source Files">
      <UniqueIdentifier>{4FC737F1-C7A5-4376-A066-2A32D752A2FF}</UniqueIdentifier>
      <Extensions>cpp;c;cc;cxx;def;odl;idl;hpj;bat;asm;asmx</Extensions>
    </Filter>
    <Filter Include="Resource Files">
      <UniqueIdentifier>{67DA6AB6-F800-4c08-8B7A-83BB121AAD01}</UniqueIdentifier>
      <Extensions>rc;ico;cur;bmp;dlg;rc2;rct;bin;rgs;gif;jpg;jpeg;jpe;resx;tiff;tif;png;wav;mfcribbon-ms</Extensions>
    </Filter>
    <Filter Include="Source Files\device">
      <UniqueIdentifier>{eb047703-28db-4e1e-beda-ab05d402279a}</UniqueIdentifier>
    </Filter>
  </ItemGroup>
  <ItemGroup>
    <ClCompile Include="..\..\coconut-milk-graphics-dx11\src\device\App.cpp">
      <Filter>Source Files\device</Filter>
    </ClCompile>
    <ClCompile Include="..\..\coconut-milk-graphics-dx11\src\device\Window.cpp">
      <Filter>Source Files\device</Filter>
    </ClCompile>
  </ItemGroup>
  <ItemGroup>
    <ClInclude Include="..\..\coconut-milk-graphics-dx11\src\device\App.hpp">
      <Filter>Source Files\device</Filter>
    </ClInclude>
    <ClInclude Include="..\..\coconut-milk-graphics-dx11\src\device\Window.hpp">
      <Filter>Source Files\device</Filter>
    </ClInclude>
  </ItemGroup>
</Project>